<?xml version="1.0" encoding="utf-8"?>
<Project ToolsVersion="4.0" xmlns="http://schemas.microsoft.com/developer/msbuild/2003">
  <ItemGroup>
    <Filter Include="源文件">
      <UniqueIdentifier>{4FC737F1-C7A5-4376-A066-2A32D752A2FF}</UniqueIdentifier>
      <Extensions>cpp;c;cc;cxx;c++;cppm;ixx;def;odl;idl;hpj;bat;asm;asmx</Extensions>
    </Filter>
    <Filter Include="头文件">
      <UniqueIdentifier>{93995380-89BD-4b04-88EB-625FBE52EBFB}</UniqueIdentifier>
      <Extensions>h;hh;hpp;hxx;h++;hm;inl;inc;ipp;xsd</Extensions>
    </Filter>
    <Filter Include="资源文件">
      <UniqueIdentifier>{67DA6AB6-F800-4c08-8B7A-83BB121AAD01}</UniqueIdentifier>
      <Extensions>rc;ico;cur;bmp;dlg;rc2;rct;bin;rgs;gif;jpg;jpeg;jpe;resx;tiff;tif;png;wav;mfcribbon-ms</Extensions>
    </Filter>
  </ItemGroup>
  <ItemGroup>
    <ClInclude Include="src\NagiEngine\Core\Core.h">
      <Filter>头文件</Filter>
    </ClInclude>
    <ClInclude Include="src\NagiEngine\Core\Application.h">
      <Filter>头文件</Filter>
    </ClInclude>
    <ClInclude Include="src\NagiEngine.h">
      <Filter>头文件</Filter>
    </ClInclude>
    <ClInclude Include="src\NagiEngine\Core\EntryPoint.h">
      <Filter>头文件</Filter>
    </ClInclude>
    <ClInclude Include="src\NagiEngine\Core\Log.h">
      <Filter>头文件</Filter>
    </ClInclude>
    <ClInclude Include="src\NagiEngine\Event\Event.h">
      <Filter>头文件</Filter>
    </ClInclude>
    <ClInclude Include="src\NagiEngine\Event\KeyEvent.h">
      <Filter>头文件</Filter>
    </ClInclude>
    <ClInclude Include="src\NagiEngine\Event\MouseEvent.h">
      <Filter>头文件</Filter>
    </ClInclude>
    <ClInclude Include="src\NagiEngine\Event\ApplicationEvent.h">
      <Filter>头文件</Filter>
    </ClInclude>
    <ClInclude Include="src\NagiEngine\Core\Window.h">
      <Filter>头文件</Filter>
    </ClInclude>
    <ClInclude Include="src\Platform\Windows\WindowsWindow.h">
      <Filter>头文件</Filter>
    </ClInclude>
    <ClInclude Include="src\NagiEngine\Core\Layer.h">
      <Filter>头文件</Filter>
    </ClInclude>
    <ClInclude Include="src\NagiEngine\Core\LayerStack.h">
      <Filter>头文件</Filter>
    </ClInclude>
    <ClInclude Include="src\NagiEngine\ImGui\ImGuiLayer.h">
      <Filter>头文件</Filter>
    </ClInclude>
    <ClInclude Include="src\Platform\Windows\WindowsInput.h">
      <Filter>头文件</Filter>
    </ClInclude>
    <ClInclude Include="src\NagiEngine\Core\Input.h">
      <Filter>头文件</Filter>
    </ClInclude>
    <ClInclude Include="src\NagiEngine\PHCode\KeyCodes.h">
      <Filter>头文件</Filter>
    </ClInclude>
    <ClInclude Include="src\NagiEngine\Core\MouseButtonCodes.h">
      <Filter>头文件</Filter>
    </ClInclude>
    <ClInclude Include="src\NagiEngine\Renderer\GraphicsContext.h">
      <Filter>头文件</Filter>
    </ClInclude>
    <ClInclude Include="src\Platform\OpenGL\OpenGLContext.h">
      <Filter>头文件</Filter>
    </ClInclude>
    <ClInclude Include="src\NagiEngine\Renderer\Shader.h">
      <Filter>头文件</Filter>
    </ClInclude>
    <ClInclude Include="src\NagiEngine\Renderer\Buffer.h">
      <Filter>头文件</Filter>
    </ClInclude>
    <ClInclude Include="src\Platform\OpenGL\OpenGLBuffer.h">
      <Filter>头文件</Filter>
    </ClInclude>
    <ClInclude Include="src\NagiEngine\Renderer\Renderer.h">
      <Filter>头文件</Filter>
    </ClInclude>
    <ClInclude Include="src\NagiEngine\Renderer\VertexArray.h">
      <Filter>头文件</Filter>
    </ClInclude>
    <ClInclude Include="src\Platform\OpenGL\OpenGLVertexArray.h">
      <Filter>头文件</Filter>
    </ClInclude>
    <ClInclude Include="src\NagiEngine\Renderer\RendererAPI.h">
      <Filter>头文件</Filter>
    </ClInclude>
    <ClInclude Include="src\NagiEngine\Renderer\RenderCommand.h">
      <Filter>头文件</Filter>
    </ClInclude>
    <ClInclude Include="src\Platform\OpenGL\OpenGLRendererAPI.h">
      <Filter>头文件</Filter>
    </ClInclude>
    <ClInclude Include="src\NagiEngine\Renderer\OrthographicCamera.h">
      <Filter>头文件</Filter>
    </ClInclude>
    <ClInclude Include="src\NagiEngine\Core\Timestep.h">
      <Filter>头文件</Filter>
    </ClInclude>
    <ClInclude Include="src\Platform\OpenGL\OpenGLShader.h">
      <Filter>头文件</Filter>
    </ClInclude>
    <ClInclude Include="src\NagiEngine\Renderer\Texture.h">
      <Filter>头文件</Filter>
    </ClInclude>
    <ClInclude Include="src\Platform\OpenGL\OpenGLTexture.h">
      <Filter>头文件</Filter>
    </ClInclude>
    <ClInclude Include="vendor\stb_image\stb_image.h">
      <Filter>头文件</Filter>
    </ClInclude>
    <ClInclude Include="src\NagiEngine\Renderer\OrthographicCameraController.h">
      <Filter>头文件</Filter>
    </ClInclude>
    <ClInclude Include="src\NagiEngine\Renderer\Renderer2D.h">
      <Filter>头文件</Filter>
    </ClInclude>
  </ItemGroup>
  <ItemGroup>
    <ClCompile Include="src\NagiEngine\Core\Application.cpp">
      <Filter>源文件</Filter>
    </ClCompile>
    <ClCompile Include="src\NagiEngine\Core\Log.cpp">
      <Filter>源文件</Filter>
    </ClCompile>
    <ClCompile Include="src\Platform\Windows\WindowsWindow.cpp">
      <Filter>源文件</Filter>
    </ClCompile>
    <ClCompile Include="src\NagiEngine\Core\Layer.cpp">
      <Filter>源文件</Filter>
    </ClCompile>
    <ClCompile Include="src\NagiEngine\Core\LayerStack.cpp">
      <Filter>源文件</Filter>
    </ClCompile>
    <ClCompile Include="src\NagiEngine\ImGui\ImGuiLayer.cpp">
      <Filter>源文件</Filter>
    </ClCompile>
    <ClCompile Include="src\Platform\Windows\WindowsInput.cpp">
      <Filter>源文件</Filter>
    </ClCompile>
    <ClCompile Include="src\NagiEngine\ImGui\ImGuiBuild.cpp">
      <Filter>源文件</Filter>
    </ClCompile>
    <ClCompile Include="src\Platform\OpenGL\OpenGLContext.cpp">
      <Filter>源文件</Filter>
    </ClCompile>
    <ClCompile Include="src\NagiEngine\Renderer\Shader.cpp">
      <Filter>源文件</Filter>
    </ClCompile>
    <ClCompile Include="src\NagiEngine\Renderer\Buffer.cpp">
      <Filter>源文件</Filter>
    </ClCompile>
    <ClCompile Include="src\Platform\OpenGL\OpenGLBuffer.cpp">
      <Filter>源文件</Filter>
    </ClCompile>
    <ClCompile Include="src\NagiEngine\Renderer\Renderer.cpp">
      <Filter>源文件</Filter>
    </ClCompile>
    <ClCompile Include="src\NagiEngine\Renderer\VertexArray.cpp">
      <Filter>源文件</Filter>
    </ClCompile>
    <ClCompile Include="src\Platform\OpenGL\OpenGLVertexArray.cpp">
      <Filter>源文件</Filter>
    </ClCompile>
    <ClCompile Include="src\NagiEngine\Renderer\RendererAPI.cpp">
      <Filter>源文件</Filter>
    </ClCompile>
    <ClCompile Include="src\NagiEngine\Renderer\RenderCommand.cpp">
      <Filter>源文件</Filter>
    </ClCompile>
    <ClCompile Include="src\Platform\OpenGL\OpenGLRendererAPI.cpp">
      <Filter>源文件</Filter>
    </ClCompile>
    <ClCompile Include="src\NagiEngine\Renderer\OrthographicCamera.cpp">
      <Filter>源文件</Filter>
    </ClCompile>
    <ClCompile Include="src\Platform\OpenGL\OpenGLShader.cpp">
      <Filter>源文件</Filter>
    </ClCompile>
    <ClCompile Include="src\NagiEngine\Renderer\Texture.cpp">
      <Filter>源文件</Filter>
    </ClCompile>
    <ClCompile Include="src\Platform\OpenGL\OpenGLTexture.cpp">
      <Filter>源文件</Filter>
    </ClCompile>
    <ClCompile Include="src\NagiEngine\Renderer\OrthographicCameraController.cpp">
      <Filter>源文件</Filter>
    </ClCompile>
    <ClCompile Include="src\NagiEngine\Renderer\Renderer2D.cpp">
      <Filter>源文件</Filter>
    </ClCompile>
  </ItemGroup>
  <ItemGroup>
    <None Include="ClassDiagram.cd" />
  </ItemGroup>
</Project>